
Microsoft Visual Studio Solution File, Format Version 12.00
# Visual Studio Version 17
VisualStudioVersion = 17.8.34316.72
MinimumVisualStudioVersion = 10.0.40219.1
Project("{FAE04EC0-301F-11D3-BF4B-00C04F79EFBC}") = "ExamenFinalDQuan-1tri2024", "ExamenFinalDQuan-1tri2024\ExamenFinalDQuan-1tri2024.csproj", "{4654FB7A-2462-4FD4-92C2-430930EFE09A}"
EndProject
Global
	GlobalSection(SolutionConfigurationPlatforms) = preSolution
		Debug|Any CPU = Debug|Any CPU
		Release|Any CPU = Release|Any CPU
	EndGlobalSection
	GlobalSection(ProjectConfigurationPlatforms) = postSolution
		{4654FB7A-2462-4FD4-92C2-430930EFE09A}.Debug|Any CPU.ActiveCfg = Debug|Any CPU
		{4654FB7A-2462-4FD4-92C2-430930EFE09A}.Debug|Any CPU.Build.0 = Debug|Any CPU
		{4654FB7A-2462-4FD4-92C2-430930EFE09A}.Release|Any CPU.ActiveCfg = Release|Any CPU
		{4654FB7A-2462-4FD4-92C2-430930EFE09A}.Release|Any CPU.Build.0 = Release|Any CPU
	EndGlobalSection
	GlobalSection(SolutionProperties) = preSolution
		HideSolutionNode = FALSE
	EndGlobalSection
	GlobalSection(ExtensibilityGlobals) = postSolution
		SolutionGuid = {E1FD01BB-48CD-4A09-9AF0-CB77179CD3E2}
	EndGlobalSection
EndGlobal
